
Microsoft Visual Studio Solution File, Format Version 12.00
# Visual Studio 15
VisualStudioVersion = 15.0.27004.2009
MinimumVisualStudioVersion = 10.0.40219.1
Project("{9A19103F-16F7-4668-BE54-9A1E7A4F7556}") = "QuarkHttp", "QuarkHttp\QuarkHttp.csproj", "{92AB5CFD-4F02-4147-A8C2-4ED2A84C574E}"
EndProject
Project("{9A19103F-16F7-4668-BE54-9A1E7A4F7556}") = "QuarkHttp.Payloads.Json", "QuarkHttp.Payloads.Json\QuarkHttp.Payloads.Json.csproj", "{78A88B7B-576C-4F78-99B7-7292A1C9DE55}"
EndProject
Project("{FAE04EC0-301F-11D3-BF4B-00C04F79EFBC}") = "Tests", "Tests\Tests.csproj", "{C0614D98-5970-4961-9143-908F3B90392B}"
EndProject
Global
	GlobalSection(SolutionConfigurationPlatforms) = preSolution
		Debug|Any CPU = Debug|Any CPU
		Release|Any CPU = Release|Any CPU
	EndGlobalSection
	GlobalSection(ProjectConfigurationPlatforms) = postSolution
		{92AB5CFD-4F02-4147-A8C2-4ED2A84C574E}.Debug|Any CPU.ActiveCfg = Debug|Any CPU
		{92AB5CFD-4F02-4147-A8C2-4ED2A84C574E}.Debug|Any CPU.Build.0 = Debug|Any CPU
		{92AB5CFD-4F02-4147-A8C2-4ED2A84C574E}.Release|Any CPU.ActiveCfg = Release|Any CPU
		{92AB5CFD-4F02-4147-A8C2-4ED2A84C574E}.Release|Any CPU.Build.0 = Release|Any CPU
		{78A88B7B-576C-4F78-99B7-7292A1C9DE55}.Debug|Any CPU.ActiveCfg = Debug|Any CPU
		{78A88B7B-576C-4F78-99B7-7292A1C9DE55}.Debug|Any CPU.Build.0 = Debug|Any CPU
		{78A88B7B-576C-4F78-99B7-7292A1C9DE55}.Release|Any CPU.ActiveCfg = Release|Any CPU
		{78A88B7B-576C-4F78-99B7-7292A1C9DE55}.Release|Any CPU.Build.0 = Release|Any CPU
		{C0614D98-5970-4961-9143-908F3B90392B}.Debug|Any CPU.ActiveCfg = Debug|Any CPU
		{C0614D98-5970-4961-9143-908F3B90392B}.Debug|Any CPU.Build.0 = Debug|Any CPU
		{C0614D98-5970-4961-9143-908F3B90392B}.Release|Any CPU.ActiveCfg = Release|Any CPU
		{C0614D98-5970-4961-9143-908F3B90392B}.Release|Any CPU.Build.0 = Release|Any CPU
	EndGlobalSection
	GlobalSection(SolutionProperties) = preSolution
		HideSolutionNode = FALSE
	EndGlobalSection
	GlobalSection(ExtensibilityGlobals) = postSolution
		SolutionGuid = {FFF64F55-8A97-4131-B56E-A07DFB8DD035}
	EndGlobalSection
EndGlobal
